github.com/caicloud/nirvana v0.2.0 h1:Rh9eovyWWo+/wL/FQJ97DbMJ4GUd6+APL+iQQCHRIOk=
github.com/caicloud/nirvana v0.2.0/go.mod h1:XQ9WDsfOmXPQOQappGRhx5RW0djEZFRLMEg192Gid44=
github.com/rs/cors v1.6.0 h1:G9tHG9lebljV9mfp9SNPDL36nCDxmo3zTlAf1YgvzmI=
github.com/rs/cors v1.6.0/go.mod h1:gFx+x8UowdsKA9AchylcLynDq+nNFfI8FkUZdN/jGCU=
